
Microsoft Visual Studio Solution File, Format Version 12.00
# Visual Studio Version 17
VisualStudioVersion = 17.3.32825.248
MinimumVisualStudioVersion = 10.0.40219.1
Project("{FAE04EC0-301F-11D3-BF4B-00C04F79EFBC}") = "CP-LAB-1", "CP-LAB-1\CP-LAB-1.csproj", "{C513570D-C7E9-4FD6-80CE-E0BDC0817B4B}"
EndProject
Project("{2150E333-8FDC-42A3-9474-1A3956D46DE8}") = "Lab-1", "Lab-1", "{15C66417-1F22-4204-A596-49F16A5B620A}"
EndProject
Project("{2150E333-8FDC-42A3-9474-1A3956D46DE8}") = "Lab-2", "Lab-2", "{28870AFA-911D-4B48-BD3D-AE51AD124F94}"
EndProject
Project("{FAE04EC0-301F-11D3-BF4B-00C04F79EFBC}") = "CP-LAB-2", "CP-LAB-2\CP-LAB-2.csproj", "{152441FF-0762-498D-9B92-99CBBF4AE74D}"
EndProject
Global
	GlobalSection(SolutionConfigurationPlatforms) = preSolution
		Debug|Any CPU = Debug|Any CPU
		Release|Any CPU = Release|Any CPU
	EndGlobalSection
	GlobalSection(ProjectConfigurationPlatforms) = postSolution
		{C513570D-C7E9-4FD6-80CE-E0BDC0817B4B}.Debug|Any CPU.ActiveCfg = Debug|Any CPU
		{C513570D-C7E9-4FD6-80CE-E0BDC0817B4B}.Debug|Any CPU.Build.0 = Debug|Any CPU
		{C513570D-C7E9-4FD6-80CE-E0BDC0817B4B}.Release|Any CPU.ActiveCfg = Release|Any CPU
		{C513570D-C7E9-4FD6-80CE-E0BDC0817B4B}.Release|Any CPU.Build.0 = Release|Any CPU
		{152441FF-0762-498D-9B92-99CBBF4AE74D}.Debug|Any CPU.ActiveCfg = Debug|Any CPU
		{152441FF-0762-498D-9B92-99CBBF4AE74D}.Debug|Any CPU.Build.0 = Debug|Any CPU
		{152441FF-0762-498D-9B92-99CBBF4AE74D}.Release|Any CPU.ActiveCfg = Release|Any CPU
		{152441FF-0762-498D-9B92-99CBBF4AE74D}.Release|Any CPU.Build.0 = Release|Any CPU
	EndGlobalSection
	GlobalSection(SolutionProperties) = preSolution
		HideSolutionNode = FALSE
	EndGlobalSection
	GlobalSection(NestedProjects) = preSolution
		{C513570D-C7E9-4FD6-80CE-E0BDC0817B4B} = {15C66417-1F22-4204-A596-49F16A5B620A}
		{152441FF-0762-498D-9B92-99CBBF4AE74D} = {28870AFA-911D-4B48-BD3D-AE51AD124F94}
	EndGlobalSection
	GlobalSection(ExtensibilityGlobals) = postSolution
		SolutionGuid = {0C2CB8F4-94ED-4A93-9FAE-354289B83CD1}
	EndGlobalSection
EndGlobal
